
Microsoft Visual Studio Solution File, Format Version 12.00
# Visual Studio Version 17
VisualStudioVersion = 17.7.34024.191
MinimumVisualStudioVersion = 10.0.40219.1
Project("{FAE04EC0-301F-11D3-BF4B-00C04F79EFBC}") = "DreamScape", "DreamScape.csproj", "{405C61AB-6376-417B-B914-0D636F02521F}"
EndProject
Global
	GlobalSection(SolutionConfigurationPlatforms) = preSolution
		Debug|Any CPU = Debug|Any CPU
		Release|Any CPU = Release|Any CPU
	EndGlobalSection
	GlobalSection(ProjectConfigurationPlatforms) = postSolution
		{405C61AB-6376-417B-B914-0D636F02521F}.Debug|Any CPU.ActiveCfg = Debug|Any CPU
		{405C61AB-6376-417B-B914-0D636F02521F}.Debug|Any CPU.Build.0 = Debug|Any CPU
		{405C61AB-6376-417B-B914-0D636F02521F}.Release|Any CPU.ActiveCfg = Release|Any CPU
		{405C61AB-6376-417B-B914-0D636F02521F}.Release|Any CPU.Build.0 = Release|Any CPU
	EndGlobalSection
	GlobalSection(SolutionProperties) = preSolution
		HideSolutionNode = FALSE
	EndGlobalSection
	GlobalSection(ExtensibilityGlobals) = postSolution
		SolutionGuid = {E13FEEE3-2E85-41B2-B689-02AF8B5B575A}
	EndGlobalSection
EndGlobal
